
Microsoft Visual Studio Solution File, Format Version 12.00
# Visual Studio Version 16
VisualStudioVersion = 16.0.30114.105
MinimumVisualStudioVersion = 10.0.40219.1
Project("{9A19103F-16F7-4668-BE54-9A1E7A4F7556}") = "ProductoAPI", "ProductoAPI\ProductoAPI.csproj", "{CECD57F9-4F8C-41BC-A84B-4AECC279DA16}"
EndProject
Global
	GlobalSection(SolutionConfigurationPlatforms) = preSolution
		Debug|Any CPU = Debug|Any CPU
		Release|Any CPU = Release|Any CPU
	EndGlobalSection
	GlobalSection(ProjectConfigurationPlatforms) = postSolution
		{CECD57F9-4F8C-41BC-A84B-4AECC279DA16}.Debug|Any CPU.ActiveCfg = Debug|Any CPU
		{CECD57F9-4F8C-41BC-A84B-4AECC279DA16}.Debug|Any CPU.Build.0 = Debug|Any CPU
		{CECD57F9-4F8C-41BC-A84B-4AECC279DA16}.Release|Any CPU.ActiveCfg = Release|Any CPU
		{CECD57F9-4F8C-41BC-A84B-4AECC279DA16}.Release|Any CPU.Build.0 = Release|Any CPU
	EndGlobalSection
	GlobalSection(SolutionProperties) = preSolution
		HideSolutionNode = FALSE
	EndGlobalSection
	GlobalSection(ExtensibilityGlobals) = postSolution
		SolutionGuid = {F4ADA9EA-4C9D-4100-A37C-7D0A63A3B8E1}
	EndGlobalSection
	GlobalSection(TeamFoundationVersionControl) = preSolution
		SccNumberOfProjects = 2
		SccEnterpriseProvider = {4CA58AB2-18FA-4F8D-95D4-32DDF27D184C}
		SccTeamFoundationServer = https://dev.azure.com/melinabraconaro
		SccLocalPath0 = .
		SccProjectUniqueName1 = ProductoAPI\\ProductoAPI.csproj
		SccProjectName1 = ProductoAPI
		SccLocalPath1 = ProductoAPI
	EndGlobalSection
EndGlobal
